
Microsoft Visual Studio Solution File, Format Version 12.00
# Visual Studio Version 16
VisualStudioVersion = 16.0.30907.101
MinimumVisualStudioVersion = 10.0.40219.1
Project("{FAE04EC0-301F-11D3-BF4B-00C04F79EFBC}") = "TriangleComparerLib", "TriangleComparerLib\TriangleComparerLib.csproj", "{875AA6D2-F674-4FC7-8AEE-AA4E590FB608}"
EndProject
Project("{FAE04EC0-301F-11D3-BF4B-00C04F79EFBC}") = "TriangleComparerView", "TriangleComparerView\TriangleComparerView.csproj", "{15AC9E59-1815-41BF-A5EF-8BC47AC3D82D}"
EndProject
Global
	GlobalSection(SolutionConfigurationPlatforms) = preSolution
		Debug|Any CPU = Debug|Any CPU
		Release|Any CPU = Release|Any CPU
	EndGlobalSection
	GlobalSection(ProjectConfigurationPlatforms) = postSolution
		{875AA6D2-F674-4FC7-8AEE-AA4E590FB608}.Debug|Any CPU.ActiveCfg = Debug|Any CPU
		{875AA6D2-F674-4FC7-8AEE-AA4E590FB608}.Debug|Any CPU.Build.0 = Debug|Any CPU
		{875AA6D2-F674-4FC7-8AEE-AA4E590FB608}.Release|Any CPU.ActiveCfg = Release|Any CPU
		{875AA6D2-F674-4FC7-8AEE-AA4E590FB608}.Release|Any CPU.Build.0 = Release|Any CPU
		{15AC9E59-1815-41BF-A5EF-8BC47AC3D82D}.Debug|Any CPU.ActiveCfg = Debug|Any CPU
		{15AC9E59-1815-41BF-A5EF-8BC47AC3D82D}.Debug|Any CPU.Build.0 = Debug|Any CPU
		{15AC9E59-1815-41BF-A5EF-8BC47AC3D82D}.Release|Any CPU.ActiveCfg = Release|Any CPU
		{15AC9E59-1815-41BF-A5EF-8BC47AC3D82D}.Release|Any CPU.Build.0 = Release|Any CPU
	EndGlobalSection
	GlobalSection(SolutionProperties) = preSolution
		HideSolutionNode = FALSE
	EndGlobalSection
	GlobalSection(ExtensibilityGlobals) = postSolution
		SolutionGuid = {F8F3A8CC-67B0-484B-B9A0-B67A57FE5D8B}
	EndGlobalSection
EndGlobal
